
Microsoft Visual Studio Solution File, Format Version 12.00
Project("{FAE04EC0-301F-11D3-BF4B-00C04F79EFBC}") = "NonogramSolver", "NonogramSolver\NonogramSolver.csproj", "{D9132843-C5C7-4AAC-AB76-1D9F20A568BD}"
EndProject
Global
	GlobalSection(SolutionConfigurationPlatforms) = preSolution
		Debug|Any CPU = Debug|Any CPU
		Release|Any CPU = Release|Any CPU
	EndGlobalSection
	GlobalSection(ProjectConfigurationPlatforms) = postSolution
		{D9132843-C5C7-4AAC-AB76-1D9F20A568BD}.Debug|Any CPU.ActiveCfg = Debug|Any CPU
		{D9132843-C5C7-4AAC-AB76-1D9F20A568BD}.Debug|Any CPU.Build.0 = Debug|Any CPU
		{D9132843-C5C7-4AAC-AB76-1D9F20A568BD}.Release|Any CPU.ActiveCfg = Release|Any CPU
		{D9132843-C5C7-4AAC-AB76-1D9F20A568BD}.Release|Any CPU.Build.0 = Release|Any CPU
	EndGlobalSection
EndGlobal
